{
  "nodes": {
    "arkenfox-userjs": {
      "flake": false,
      "locked": {
        "lastModified": 1719071094,
        "narHash": "sha256-8mzY85wkUokd1Oau9D95Gp1myCJdGU0Dd47bmCygxnE=",
        "owner": "arkenfox",
        "repo": "user.js",
        "rev": "23caf6961483e0e55544cd4f3594734d0aa35cf0",
        "type": "github"
      },
      "original": {
        "owner": "arkenfox",
        "repo": "user.js",
        "type": "github"
      }
    },
    "flake-parts": {
      "inputs": {
        "nixpkgs-lib": "nixpkgs-lib"
      },
      "locked": {
        "lastModified": 1719994518,
        "narHash": "sha256-pQMhCCHyQGRzdfAkdJ4cIWiw+JNuWsTX7f0ZYSyz0VY=",
        "owner": "hercules-ci",
        "repo": "flake-parts",
        "rev": "9227223f6d922fee3c7b190b2cc238a99527bbb7",
        "type": "github"
      },
      "original": {
        "owner": "hercules-ci",
        "repo": "flake-parts",
        "type": "github"
      }
    },
    "flake-parts_2": {
      "inputs": {
        "nixpkgs-lib": [
          "nixpak",
          "nixpkgs"
        ]
      },
      "locked": {
        "lastModified": 1719994518,
        "narHash": "sha256-pQMhCCHyQGRzdfAkdJ4cIWiw+JNuWsTX7f0ZYSyz0VY=",
        "owner": "hercules-ci",
        "repo": "flake-parts",
        "rev": "9227223f6d922fee3c7b190b2cc238a99527bbb7",
        "type": "github"
      },
      "original": {
        "owner": "hercules-ci",
        "repo": "flake-parts",
        "type": "github"
      }
    },
    "flake-parts_3": {
      "inputs": {
        "nixpkgs-lib": "nixpkgs-lib_2"
      },
      "locked": {
        "lastModified": 1709336216,
        "narHash": "sha256-Dt/wOWeW6Sqm11Yh+2+t0dfEWxoMxGBvv3JpIocFl9E=",
        "owner": "hercules-ci",
        "repo": "flake-parts",
        "rev": "f7b3c975cf067e56e7cda6cb098ebe3fb4d74ca2",
        "type": "github"
      },
      "original": {
        "owner": "hercules-ci",
        "repo": "flake-parts",
        "type": "github"
      }
    },
    "hercules-ci-effects": {
      "inputs": {
        "flake-parts": [
          "nixpak",
          "flake-parts"
        ],
        "nixpkgs": [
          "nixpak",
          "nixpkgs"
        ]
      },
      "locked": {
        "lastModified": 1719226092,
        "narHash": "sha256-YNkUMcCUCpnULp40g+svYsaH1RbSEj6s4WdZY/SHe38=",
        "owner": "hercules-ci",
        "repo": "hercules-ci-effects",
        "rev": "11e4b8dc112e2f485d7c97e1cee77f9958f498f5",
        "type": "github"
      },
      "original": {
        "owner": "hercules-ci",
        "repo": "hercules-ci-effects",
        "type": "github"
      }
    },
    "home-manager": {
      "inputs": {
        "nixpkgs": [
          "nixpkgs"
        ]
      },
      "locked": {
        "lastModified": 1720045378,
        "narHash": "sha256-lmE7B+QXw7lWdBu5GQlUABSpzPk3YBb9VbV+IYK5djk=",
        "owner": "nix-community",
        "repo": "home-manager",
        "rev": "0a30138c694ab3b048ac300794c2eb599dc40266",
        "type": "github"
      },
      "original": {
        "owner": "nix-community",
        "ref": "master",
        "repo": "home-manager",
        "type": "github"
      }
    },
    "impermanence": {
      "locked": {
        "lastModified": 1719091691,
        "narHash": "sha256-AxaLX5cBEcGtE02PeGsfscSb/fWMnyS7zMWBXQWDKbE=",
        "owner": "nix-community",
        "repo": "impermanence",
        "rev": "23c1f06316b67cb5dabdfe2973da3785cfe9c34a",
        "type": "github"
      },
      "original": {
        "owner": "nix-community",
        "repo": "impermanence",
        "type": "github"
      }
    },
    "nixpak": {
      "inputs": {
        "flake-parts": "flake-parts_2",
        "hercules-ci-effects": "hercules-ci-effects",
        "nixpkgs": [
          "nixpkgs"
        ]
      },
      "locked": {
        "lastModified": 1720059538,
        "narHash": "sha256-6CTyQ37ywENn59pVEVuYh2HFpX11RcMil8OaGKuoo90=",
        "owner": "nixpak",
        "repo": "nixpak",
        "rev": "196d621ef861d285a1e5407ef7ee723e60e2b28c",
        "type": "github"
      },
      "original": {
        "owner": "nixpak",
        "repo": "nixpak",
        "type": "github"
      }
    },
    "nixpkgs": {
      "locked": {
        "lastModified": 1720031269,
        "narHash": "sha256-rwz8NJZV+387rnWpTYcXaRNvzUSnnF9aHONoJIYmiUQ=",
        "owner": "nixos",
        "repo": "nixpkgs",
        "rev": "9f4128e00b0ae8ec65918efeba59db998750ead6",
        "type": "github"
      },
      "original": {
        "owner": "nixos",
        "ref": "nixos-unstable",
        "repo": "nixpkgs",
        "type": "github"
      }
    },
    "nixpkgs-lib": {
      "locked": {
        "lastModified": 1719876945,
        "narHash": "sha256-Fm2rDDs86sHy0/1jxTOKB1118Q0O3Uc7EC0iXvXKpbI=",
        "type": "tarball",
        "url": "https://github.com/NixOS/nixpkgs/archive/5daf0514482af3f97abaefc78a6606365c9108e2.tar.gz"
      },
      "original": {
        "type": "tarball",
        "url": "https://github.com/NixOS/nixpkgs/archive/5daf0514482af3f97abaefc78a6606365c9108e2.tar.gz"
      }
    },
    "nixpkgs-lib_2": {
      "locked": {
        "dir": "lib",
        "lastModified": 1709237383,
        "narHash": "sha256-cy6ArO4k5qTx+l5o+0mL9f5fa86tYUX3ozE1S+Txlds=",
        "owner": "NixOS",
        "repo": "nixpkgs",
        "rev": "1536926ef5621b09bba54035ae2bb6d806d72ac8",
        "type": "github"
      },
      "original": {
        "dir": "lib",
        "owner": "NixOS",
        "ref": "nixos-unstable",
        "repo": "nixpkgs",
        "type": "github"
      }
    },
    "nixpkgs_2": {
      "locked": {
        "lastModified": 1710631334,
        "narHash": "sha256-rL5LSYd85kplL5othxK5lmAtjyMOBg390sGBTb3LRMM=",
        "owner": "nixos",
        "repo": "nixpkgs",
        "rev": "c75037bbf9093a2acb617804ee46320d6d1fea5a",
        "type": "github"
      },
      "original": {
        "owner": "nixos",
        "ref": "nixos-unstable",
        "repo": "nixpkgs",
        "type": "github"
      }
    },
    "nixpkgs_3": {
      "locked": {
        "lastModified": 1708475490,
        "narHash": "sha256-g1v0TsWBQPX97ziznfJdWhgMyMGtoBFs102xSYO4syU=",
        "owner": "nixos",
        "repo": "nixpkgs",
        "rev": "0e74ca98a74bc7270d28838369593635a5db3260",
        "type": "github"
      },
      "original": {
        "owner": "nixos",
        "ref": "nixos-unstable",
        "repo": "nixpkgs",
        "type": "github"
      }
    },
    "nixpkgs_4": {
      "locked": {
        "lastModified": 1719690277,
        "narHash": "sha256-0xSej1g7eP2kaUF+JQp8jdyNmpmCJKRpO12mKl/36Kc=",
        "owner": "nixos",
        "repo": "nixpkgs",
        "rev": "2741b4b489b55df32afac57bc4bfd220e8bf617e",
        "type": "github"
      },
      "original": {
        "owner": "nixos",
        "ref": "nixos-unstable",
        "repo": "nixpkgs",
        "type": "github"
      }
    },
    "power-cap-rs": {
      "inputs": {
        "flake-parts": "flake-parts_3",
        "nixpkgs": "nixpkgs_2",
        "treefmt-nix": "treefmt-nix"
      },
      "locked": {
        "lastModified": 1712147741,
        "narHash": "sha256-xwwNinHwq/cnQCwb5Dr/dGArg9pfbbA9Cwp38JNeCiQ=",
        "owner": "cch000",
        "repo": "power-cap-rs",
        "rev": "83f53bd6eb72d1961f6df6d211b75e86bcd1cc30",
        "type": "github"
      },
      "original": {
        "owner": "cch000",
        "repo": "power-cap-rs",
        "type": "github"
      }
    },
    "root": {
      "inputs": {
        "arkenfox-userjs": "arkenfox-userjs",
        "flake-parts": "flake-parts",
        "home-manager": "home-manager",
        "impermanence": "impermanence",
        "nixpak": "nixpak",
        "nixpkgs": "nixpkgs",
        "power-cap-rs": "power-cap-rs",
        "treefmt-nix": "treefmt-nix_2",
        "vim-eva01": "vim-eva01",
        "vim-img-paste": "vim-img-paste"
      }
    },
    "treefmt-nix": {
      "inputs": {
        "nixpkgs": "nixpkgs_3"
      },
      "locked": {
        "lastModified": 1710278050,
        "narHash": "sha256-Oc6BP7soXqb8itlHI8UKkdf3V9GeJpa1S39SR5+HJys=",
        "owner": "numtide",
        "repo": "treefmt-nix",
        "rev": "35791f76524086ab4b785a33e4abbedfda64bd22",
        "type": "github"
      },
      "original": {
        "owner": "numtide",
        "repo": "treefmt-nix",
        "type": "github"
      }
    },
    "treefmt-nix_2": {
      "inputs": {
        "nixpkgs": "nixpkgs_4"
      },
      "locked": {
        "lastModified": 1719887753,
        "narHash": "sha256-p0B2r98UtZzRDM5miGRafL4h7TwGRC4DII+XXHDHqek=",
        "owner": "numtide",
        "repo": "treefmt-nix",
        "rev": "bdb6355009562d8f9313d9460c0d3860f525bc6c",
        "type": "github"
      },
      "original": {
        "owner": "numtide",
        "repo": "treefmt-nix",
        "type": "github"
      }
    },
    "vim-eva01": {
      "flake": false,
      "locked": {
        "lastModified": 1716695940,
        "narHash": "sha256-iA8xbG40AvlbOIC5OpgkJkalJ+gulGQ4TXlOKzXhNb4=",
        "owner": "hachy",
        "repo": "eva01.vim",
        "rev": "54412cbd92e74f43f4fc4479d12726f09723ce55",
        "type": "github"
      },
      "original": {
        "owner": "hachy",
        "repo": "eva01.vim",
        "type": "github"
      }
    },
    "vim-img-paste": {
      "flake": false,
      "locked": {
        "lastModified": 1666591630,
        "narHash": "sha256-LaqEGKbpZmcOJeIz00Ts5DvbFnduScBEUnisTcX1srI=",
        "owner": "img-paste-devs",
        "repo": "img-paste.vim",
        "rev": "787be15ff52ea2db5ae7b813ab8808c8d4cf749e",
        "type": "github"
      },
      "original": {
        "owner": "img-paste-devs",
        "repo": "img-paste.vim",
        "type": "github"
      }
    }
  },
  "root": "root",
  "version": 7
}
